
Microsoft Visual Studio Solution File, Format Version 12.00
# Visual Studio 14
VisualStudioVersion = 14.0.25420.1
MinimumVisualStudioVersion = 10.0.40219.1
Project("{FAE04EC0-301F-11D3-BF4B-00C04F79EFBC}") = "VendingMachine_Kata", "VendingMachine_Kata\VendingMachine_Kata.csproj", "{235B144B-C36A-48DB-B5B0-34775F5CD785}"
EndProject
Project("{FAE04EC0-301F-11D3-BF4B-00C04F79EFBC}") = "VendingMachine_Test", "VendingMachine_Test\VendingMachine_Test.csproj", "{19E9B2ED-7541-4DAA-8FE2-A12BD215CC69}"
EndProject
Global
	GlobalSection(SolutionConfigurationPlatforms) = preSolution
		Debug|Any CPU = Debug|Any CPU
		Release|Any CPU = Release|Any CPU
	EndGlobalSection
	GlobalSection(ProjectConfigurationPlatforms) = postSolution
		{235B144B-C36A-48DB-B5B0-34775F5CD785}.Debug|Any CPU.ActiveCfg = Debug|Any CPU
		{235B144B-C36A-48DB-B5B0-34775F5CD785}.Debug|Any CPU.Build.0 = Debug|Any CPU
		{235B144B-C36A-48DB-B5B0-34775F5CD785}.Release|Any CPU.ActiveCfg = Release|Any CPU
		{235B144B-C36A-48DB-B5B0-34775F5CD785}.Release|Any CPU.Build.0 = Release|Any CPU
		{19E9B2ED-7541-4DAA-8FE2-A12BD215CC69}.Debug|Any CPU.ActiveCfg = Debug|Any CPU
		{19E9B2ED-7541-4DAA-8FE2-A12BD215CC69}.Debug|Any CPU.Build.0 = Debug|Any CPU
		{19E9B2ED-7541-4DAA-8FE2-A12BD215CC69}.Release|Any CPU.ActiveCfg = Release|Any CPU
		{19E9B2ED-7541-4DAA-8FE2-A12BD215CC69}.Release|Any CPU.Build.0 = Release|Any CPU
	EndGlobalSection
	GlobalSection(SolutionProperties) = preSolution
		HideSolutionNode = FALSE
	EndGlobalSection
EndGlobal
